<?xml version="1.0" encoding="utf-8"?>
<Project ToolsVersion="4.0" xmlns="http://schemas.microsoft.com/developer/msbuild/2003">
  <ItemGroup>
    <Filter Include="Scripts">
      <UniqueIdentifier>{6383d221-6c11-46cd-8559-1cf30cbd47b2}</UniqueIdentifier>
    </Filter>
    <Filter Include="Scripts\Scenes">
      <UniqueIdentifier>{546303ed-8a71-4a35-8847-81c28700c18b}</UniqueIdentifier>
    </Filter>
    <Filter Include="Scripts\SceneObjects">
      <UniqueIdentifier>{ccf59fe0-17b6-48d6-8fb8-ed56101d807f}</UniqueIdentifier>
    </Filter>
    <Filter Include="Scripts\Foundation">
      <UniqueIdentifier>{2ce1a3dc-31fd-4fea-8467-9e97be884fa5}</UniqueIdentifier>
    </Filter>
    <Filter Include="Scripts\Scenes\Base">
      <UniqueIdentifier>{da746cb9-4790-4b17-bc2c-e055d5589f1d}</UniqueIdentifier>
    </Filter>
    <Filter Include="Scripts\SceneObjects\Base">
      <UniqueIdentifier>{4f0eab43-0f6b-4c99-a86d-d0f0d0ce12f7}</UniqueIdentifier>
    </Filter>
    <Filter Include="Assets">
      <UniqueIdentifier>{5ed5c4b2-e91a-4b35-863e-d2a9aae5fbd4}</UniqueIdentifier>
    </Filter>
    <Filter Include="Assets\Fonts">
      <UniqueIdentifier>{7d7ab901-79b8-41d5-bcc4-789a0663ece0}</UniqueIdentifier>
    </Filter>
    <Filter Include="Scripts\LevelManagement">
      <UniqueIdentifier>{4a591f4e-b195-43f1-b5a6-3cebcaec1b2b}</UniqueIdentifier>
    </Filter>
    <Filter Include="Scripts\SceneObjects\UI">
      <UniqueIdentifier>{837519e2-fb6f-4fd2-adce-a3f156171e8c}</UniqueIdentifier>
    </Filter>
    <Filter Include="Scripts\SceneObjects\Game">
      <UniqueIdentifier>{65e4463b-e2bc-41af-b315-1a2cfba6975e}</UniqueIdentifier>
    </Filter>
    <Filter Include="Scripts\SceneObjects\Shapes">
      <UniqueIdentifier>{726f9a54-f2c4-4e88-acfe-3c5ac1a6269e}</UniqueIdentifier>
    </Filter>
  </ItemGroup>
  <ItemGroup>
    <ClCompile Include="MainMenu.cpp">
      <Filter>Scripts\Scenes</Filter>
    </ClCompile>
    <ClCompile Include="GameWindow.cpp">
      <Filter>Scripts\Foundation</Filter>
    </ClCompile>
    <ClCompile Include="main.cpp">
      <Filter>Scripts</Filter>
    </ClCompile>
    <ClCompile Include="LevelMenu.cpp">
      <Filter>Scripts\Scenes</Filter>
    </ClCompile>
    <ClCompile Include="GameScene.cpp">
      <Filter>Scripts\Scenes</Filter>
    </ClCompile>
    <ClCompile Include="Scene.cpp">
      <Filter>Scripts\Scenes\Base</Filter>
    </ClCompile>
    <ClCompile Include="SceneObject.cpp">
      <Filter>Scripts\SceneObjects\Base</Filter>
    </ClCompile>
    <ClCompile Include="Star.cpp">
      <Filter>Scripts\SceneObjects</Filter>
    </ClCompile>
    <ClCompile Include="LevelGetter.cpp">
      <Filter>Scripts\LevelManagement</Filter>
    </ClCompile>
    <ClCompile Include="Ball.cpp">
      <Filter>Scripts\SceneObjects\Game</Filter>
    </ClCompile>
    <ClCompile Include="Brick.cpp">
      <Filter>Scripts\SceneObjects\Game</Filter>
    </ClCompile>
    <ClCompile Include="Plate.cpp">
      <Filter>Scripts\SceneObjects\Game</Filter>
    </ClCompile>
    <ClCompile Include="Text.cpp">
      <Filter>Scripts\SceneObjects\UI</Filter>
    </ClCompile>
    <ClCompile Include="Button.cpp">
      <Filter>Scripts\SceneObjects\UI</Filter>
    </ClCompile>
    <ClCompile Include="Rectangle.cpp">
      <Filter>Scripts\SceneObjects\Shapes</Filter>
    </ClCompile>
    <ClCompile Include="Circle.cpp">
      <Filter>Scripts\SceneObjects\Shapes</Filter>
    </ClCompile>
  </ItemGroup>
  <ItemGroup>
    <ClInclude Include="MainMenu.h">
      <Filter>Scripts\Scenes</Filter>
    </ClInclude>
    <ClInclude Include="GameWindow.h">
      <Filter>Scripts\Foundation</Filter>
    </ClInclude>
    <ClInclude Include="common.h">
      <Filter>Scripts</Filter>
    </ClInclude>
    <ClInclude Include="LevelMenu.h">
      <Filter>Scripts\Scenes</Filter>
    </ClInclude>
    <ClInclude Include="GameScene.h">
      <Filter>Scripts\Scenes</Filter>
    </ClInclude>
    <ClInclude Include="Scene.h">
      <Filter>Scripts\Scenes\Base</Filter>
    </ClInclude>
    <ClInclude Include="SceneObject.h">
      <Filter>Scripts\SceneObjects\Base</Filter>
    </ClInclude>
    <ClInclude Include="Star.h">
      <Filter>Scripts\SceneObjects</Filter>
    </ClInclude>
    <ClInclude Include="LevelGetter.h">
      <Filter>Scripts\LevelManagement</Filter>
    </ClInclude>
    <ClInclude Include="Ball.h">
      <Filter>Scripts\SceneObjects\Game</Filter>
    </ClInclude>
    <ClInclude Include="Brick.h">
      <Filter>Scripts\SceneObjects\Game</Filter>
    </ClInclude>
    <ClInclude Include="Plate.h">
      <Filter>Scripts\SceneObjects\Game</Filter>
    </ClInclude>
    <ClInclude Include="Text.h">
      <Filter>Scripts\SceneObjects\UI</Filter>
    </ClInclude>
    <ClInclude Include="Button.h">
      <Filter>Scripts\SceneObjects\UI</Filter>
    </ClInclude>
    <ClInclude Include="Rectangle.h">
      <Filter>Scripts\SceneObjects\Shapes</Filter>
    </ClInclude>
    <ClInclude Include="Circle.h">
      <Filter>Scripts\SceneObjects\Shapes</Filter>
    </ClInclude>
  </ItemGroup>
  <ItemGroup>
    <Text Include="Changelog.txt" />
    <Text Include="Instrukcje-PL.txt" />
  </ItemGroup>
  <ItemGroup>
    <Font Include="PTSans-Bold.ttf">
      <Filter>Assets\Fonts</Filter>
    </Font>
  </ItemGroup>
</Project>